// !$*UTF8*$!
{
	archiveVersion = 1;
	classes = {
	};
	objectVersion = 46;
	objects = {

/* Begin PBXBuildFile section */
		48055C6D1C293BD2001C0215 /* final.cpp in Sources */ = {isa = PBXBuildFile; fileRef = 48055C6C1C293BD2001C0215 /* final.cpp */; };
		48369AEB1C1D43F40053366D /* outofc.cpp in Sources */ = {isa = PBXBuildFile; fileRef = 48369AE91C1D43F40053366D /* outofc.cpp */; };
		485643181C1938FD0032A118 /* main.cpp in Sources */ = {isa = PBXBuildFile; fileRef = 485643171C1938FD0032A118 /* main.cpp */; };
		48AEB08C1C1DCE0E00DD7123 /* OS.cpp in Sources */ = {isa = PBXBuildFile; fileRef = 48AEB08A1C1DCE0E00DD7123 /* OS.cpp */; };
/* End PBXBuildFile section */

/* Begin PBXCopyFilesBuildPhase section */
		485643121C1938FD0032A118 /* CopyFiles */ = {
			isa = PBXCopyFilesBuildPhase;
			buildActionMask = 2147483647;
			dstPath = /usr/share/man/man1/;
			dstSubfolderSpec = 0;
			files = (
			);
			runOnlyForDeploymentPostprocessing = 1;
		};
/* End PBXCopyFilesBuildPhase section */

/* Begin PBXFileReference section */
		48055C6C1C293BD2001C0215 /* final.cpp */ = {isa = PBXFileReference; fileEncoding = 4; lastKnownFileType = sourcecode.cpp.cpp; path = final.cpp; sourceTree = "<group>"; };
		48369AE91C1D43F40053366D /* outofc.cpp */ = {isa = PBXFileReference; fileEncoding = 4; lastKnownFileType = sourcecode.cpp.cpp; path = outofc.cpp; sourceTree = "<group>"; };
		48369AEA1C1D43F40053366D /* outofc.hpp */ = {isa = PBXFileReference; fileEncoding = 4; lastKnownFileType = sourcecode.cpp.h; path = outofc.hpp; sourceTree = "<group>"; };
		485643141C1938FD0032A118 /* playwithc */ = {isa = PBXFileReference; explicitFileType = "compiled.mach-o.executable"; includeInIndex = 0; path = playwithc; sourceTree = BUILT_PRODUCTS_DIR; };
		485643171C1938FD0032A118 /* main.cpp */ = {isa = PBXFileReference; lastKnownFileType = sourcecode.cpp.cpp; path = main.cpp; sourceTree = "<group>"; };
		48AEB08A1C1DCE0E00DD7123 /* OS.cpp */ = {isa = PBXFileReference; fileEncoding = 4; lastKnownFileType = sourcecode.cpp.cpp; path = OS.cpp; sourceTree = "<group>"; };
		48AEB08B1C1DCE0E00DD7123 /* OS.hpp */ = {isa = PBXFileReference; fileEncoding = 4; lastKnownFileType = sourcecode.cpp.h; path = OS.hpp; sourceTree = "<group>"; };
/* End PBXFileReference section */

/* Begin PBXFrameworksBuildPhase section */
		485643111C1938FD0032A118 /* Frameworks */ = {
			isa = PBXFrameworksBuildPhase;
			buildActionMask = 2147483647;
			files = (
			);
			runOnlyForDeploymentPostprocessing = 0;
		};
/* End PBXFrameworksBuildPhase section */

/* Begin PBXGroup section */
		4856430B1C1938FD0032A118 = {
			isa = PBXGroup;
			children = (
				485643161C1938FD0032A118 /* playwithc */,
				485643151C1938FD0032A118 /* Products */,
			);
			sourceTree = "<group>";
		};
		485643151C1938FD0032A118 /* Products */ = {
			isa = PBXGroup;
			children = (
				485643141C1938FD0032A118 /* playwithc */,
			);
			name = Products;
			sourceTree = "<group>";
		};
		485643161C1938FD0032A118 /* playwithc */ = {
			isa = PBXGroup;
			children = (
				485643171C1938FD0032A118 /* main.cpp */,
				48369AE91C1D43F40053366D /* outofc.cpp */,
				48AEB08A1C1DCE0E00DD7123 /* OS.cpp */,
				48AEB08B1C1DCE0E00DD7123 /* OS.hpp */,
				48369AEA1C1D43F40053366D /* outofc.hpp */,
				48055C6C1C293BD2001C0215 /* final.cpp */,
			);
			path = playwithc;
			sourceTree = "<group>";
		};
/* End PBXGroup section */

/* Begin PBXNativeTarget section */
		485643131C1938FD0032A118 /* playwithc */ = {
			isa = PBXNativeTarget;
			buildConfigurationList = 4856431B1C1938FD0032A118 /* Build configuration list for PBXNativeTarget "playwithc" */;
			buildPhases = (
				485643101C1938FD0032A118 /* Sources */,
				485643111C1938FD0032A118 /* Frameworks */,
				485643121C1938FD0032A118 /* CopyFiles */,
			);
			buildRules = (
			);
			dependencies = (
			);
			name = playwithc;
			productName = playwithc;
			productReference = 485643141C1938FD0032A118 /* playwithc */;
			productType = "com.apple.product-type.tool";
		};
/* End PBXNativeTarget section */

/* Begin PBXProject section */
		4856430C1C1938FD0032A118 /* Project object */ = {
			isa = PBXProject;
			attributes = {
				LastUpgradeCheck = 0720;
				ORGANIZATIONNAME = Aditya;
				TargetAttributes = {
					485643131C1938FD0032A118 = {
						CreatedOnToolsVersion = 7.2;
					};
				};
			};
			buildConfigurationList = 4856430F1C1938FD0032A118 /* Build configuration list for PBXProject "playwithc" */;
			compatibilityVersion = "Xcode 3.2";
			developmentRegion = English;
			hasScannedForEncodings = 0;
			knownRegions = (
				en,
			);
			mainGroup = 4856430B1C1938FD0032A118;
			productRefGroup = 485643151C1938FD0032A118 /* Products */;
			projectDirPath = "";
			projectRoot = "";
			targets = (
				485643131C1938FD0032A118 /* playwithc */,
			);
		};
/* End PBXProject section */

/* Begin PBXSourcesBuildPhase section */
		485643101C1938FD0032A118 /* Sources */ = {
			isa = PBXSourcesBuildPhase;
			buildActionMask = 2147483647;
			files = (
				48055C6D1C293BD2001C0215 /* final.cpp in Sources */,
				48AEB08C1C1DCE0E00DD7123 /* OS.cpp in Sources */,
				485643181C1938FD0032A118 /* main.cpp in Sources */,
				48369AEB1C1D43F40053366D /* outofc.cpp in Sources */,
			);
			runOnlyForDeploymentPostprocessing = 0;
		};
/* End PBXSourcesBuildPhase section */

/* Begin XCBuildConfiguration section */
		485643191C1938FD0032A118 /* Debug */ = {
			isa = XCBuildConfiguration;
			buildSettings = {
				ALWAYS_SEARCH_USER_PATHS = NO;
				CLANG_CXX_LANGUAGE_STANDARD = "gnu++0x";
				CLANG_CXX_LIBRARY = "libc++";
				CLANG_ENABLE_MODULES = YES;
				CLANG_ENABLE_OBJC_ARC = YES;
				CLANG_WARN_BOOL_CONVERSION = YES;
				CLANG_WARN_CONSTANT_CONVERSION = YES;
				CLANG_WARN_DIRECT_OBJC_ISA_USAGE = YES_ERROR;
				CLANG_WARN_EMPTY_BODY = YES;
				CLANG_WARN_ENUM_CONVERSION = YES;
				CLANG_WARN_INT_CONVERSION = YES;
				CLANG_WARN_OBJC_ROOT_CLASS = YES_ERROR;
				CLANG_WARN_UNREACHABLE_CODE = YES;
				CLANG_WARN__DUPLICATE_METHOD_MATCH = YES;
				CODE_SIGN_IDENTITY = "-";
				COPY_PHASE_STRIP = NO;
				DEBUG_INFORMATION_FORMAT = dwarf;
				ENABLE_STRICT_OBJC_MSGSEND = YES;
				ENABLE_TESTABILITY = YES;
				GCC_C_LANGUAGE_STANDARD = gnu99;
				GCC_DYNAMIC_NO_PIC = NO;
				GCC_NO_COMMON_BLOCKS = YES;
				GCC_OPTIMIZATION_LEVEL = 0;
				GCC_PREPROCESSOR_DEFINITIONS = (
					"DEBUG=1",
					"$(inherited)",
				);
				GCC_WARN_64_TO_32_BIT_CONVERSION = YES;
				GCC_WARN_ABOUT_RETURN_TYPE = YES_ERROR;
				GCC_WARN_UNDECLARED_SELECTOR = YES;
				GCC_WARN_UNINITIALIZED_AUTOS = YES_AGGRESSIVE;
				GCC_WARN_UNUSED_FUNCTION = YES;
				GCC_WARN_UNUSED_VARIABLE = YES;
				MACOSX_DEPLOYMENT_TARGET = 10.10;
				MTL_ENABLE_DEBUG_INFO = YES;
				ONLY_ACTIVE_ARCH = YES;
				SDKROOT = macosx;
			};
			name = Debug;
		};
		4856431A1C1938FD0032A118 /* Release */ = {
			isa = XCBuildConfiguration;
			buildSettings = {
				ALWAYS_SEARCH_USER_PATHS = NO;
				CLANG_CXX_LANGUAGE_STANDARD = "gnu++0x";
				CLANG_CXX_LIBRARY = "libc++";
				CLANG_ENABLE_MODULES = YES;
				CLANG_ENABLE_OBJC_ARC = YES;
				CLANG_WARN_BOOL_CONVERSION = YES;
				CLANG_WARN_CONSTANT_CONVERSION = YES;
				CLANG_WARN_DIRECT_OBJC_ISA_USAGE = YES_ERROR;
				CLANG_WARN_EMPTY_BODY = YES;
				CLANG_WARN_ENUM_CONVERSION = YES;
				CLANG_WARN_INT_CONVERSION = YES;
				CLANG_WARN_OBJC_ROOT_CLASS = YES_ERROR;
				CLANG_WARN_UNREACHABLE_CODE = YES;
				CLANG_WARN__DUPLICATE_METHOD_MATCH = YES;
				CODE_SIGN_IDENTITY = "-";
				COPY_PHASE_STRIP = NO;
				DEBUG_INFORMATION_FORMAT = "dwarf-with-dsym";
				ENABLE_NS_ASSERTIONS = NO;
				ENABLE_STRICT_OBJC_MSGSEND = YES;
				GCC_C_LANGUAGE_STANDARD = gnu99;
				GCC_NO_COMMON_BLOCKS = YES;
				GCC_WARN_64_TO_32_BIT_CONVERSION = YES;
				GCC_WARN_ABOUT_RETURN_TYPE = YES_ERROR;
				GCC_WARN_UNDECLARED_SELECTOR = YES;
				GCC_WARN_UNINITIALIZED_AUTOS = YES_AGGRESSIVE;
				GCC_WARN_UNUSED_FUNCTION = YES;
				GCC_WARN_UNUSED_VARIABLE = YES;
				MACOSX_DEPLOYMENT_TARGET = 10.10;
				MTL_ENABLE_DEBUG_INFO = NO;
				SDKROOT = macosx;
			};
			name = Release;
		};
		4856431C1C1938FD0032A118 /* Debug */ = {
			isa = XCBuildConfiguration;
			buildSettings = {
				PRODUCT_NAME = "$(TARGET_NAME)";
			};
			name = Debug;
		};
		4856431D1C1938FD0032A118 /* Release */ = {
			isa = XCBuildConfiguration;
			buildSettings = {
				PRODUCT_NAME = "$(TARGET_NAME)";
			};
			name = Release;
		};
/* End XCBuildConfiguration section */

/* Begin XCConfigurationList section */
		4856430F1C1938FD0032A118 /* Build configuration list for PBXProject "playwithc" */ = {
			isa = XCConfigurationList;
			buildConfigurations = (
				485643191C1938FD0032A118 /* Debug */,
				4856431A1C1938FD0032A118 /* Release */,
			);
			defaultConfigurationIsVisible = 0;
			defaultConfigurationName = Release;
		};
		4856431B1C1938FD0032A118 /* Build configuration list for PBXNativeTarget "playwithc" */ = {
			isa = XCConfigurationList;
			buildConfigurations = (
				4856431C1C1938FD0032A118 /* Debug */,
				4856431D1C1938FD0032A118 /* Release */,
			);
			defaultConfigurationIsVisible = 0;
			defaultConfigurationName = Release;
		};
/* End XCConfigurationList section */
	};
	rootObject = 4856430C1C1938FD0032A118 /* Project object */;
}
